
Microsoft Visual Studio Solution File, Format Version 12.00
# Visual Studio Version 16
VisualStudioVersion = 16.0.31911.196
MinimumVisualStudioVersion = 10.0.40219.1
Project("{FAE04EC0-301F-11D3-BF4B-00C04F79EFBC}") = "homework4", "homework4\homework4.csproj", "{E8224A32-7682-43C5-BEF3-6BCFC0B61CC0}"
EndProject
Project("{FAE04EC0-301F-11D3-BF4B-00C04F79EFBC}") = "homework4Tests", "homework4Tests\homework4Tests.csproj", "{B6E8E87E-6CF0-45F0-AFCB-D2E071B9E2E0}"
EndProject
Global
	GlobalSection(SolutionConfigurationPlatforms) = preSolution
		Debug|Any CPU = Debug|Any CPU
		Release|Any CPU = Release|Any CPU
	EndGlobalSection
	GlobalSection(ProjectConfigurationPlatforms) = postSolution
		{E8224A32-7682-43C5-BEF3-6BCFC0B61CC0}.Debug|Any CPU.ActiveCfg = Debug|Any CPU
		{E8224A32-7682-43C5-BEF3-6BCFC0B61CC0}.Debug|Any CPU.Build.0 = Debug|Any CPU
		{E8224A32-7682-43C5-BEF3-6BCFC0B61CC0}.Release|Any CPU.ActiveCfg = Release|Any CPU
		{E8224A32-7682-43C5-BEF3-6BCFC0B61CC0}.Release|Any CPU.Build.0 = Release|Any CPU
		{B6E8E87E-6CF0-45F0-AFCB-D2E071B9E2E0}.Debug|Any CPU.ActiveCfg = Debug|Any CPU
		{B6E8E87E-6CF0-45F0-AFCB-D2E071B9E2E0}.Debug|Any CPU.Build.0 = Debug|Any CPU
		{B6E8E87E-6CF0-45F0-AFCB-D2E071B9E2E0}.Release|Any CPU.ActiveCfg = Release|Any CPU
		{B6E8E87E-6CF0-45F0-AFCB-D2E071B9E2E0}.Release|Any CPU.Build.0 = Release|Any CPU
	EndGlobalSection
	GlobalSection(SolutionProperties) = preSolution
		HideSolutionNode = FALSE
	EndGlobalSection
	GlobalSection(ExtensibilityGlobals) = postSolution
		SolutionGuid = {2F87F923-13AF-44AE-B549-11C7E6E4EC90}
	EndGlobalSection
EndGlobal
